
Microsoft Visual Studio Solution File, Format Version 12.00
# Visual Studio 15
VisualStudioVersion = 15.0.27428.2015
MinimumVisualStudioVersion = 10.0.40219.1
Project("{FAE04EC0-301F-11D3-BF4B-00C04F79EFBC}") = "CommunityAssistMVC", "CommunityAssistMVC\CommunityAssistMVC.csproj", "{094672F8-56E5-444F-AC42-48CF489BBB0C}"
EndProject
Global
	GlobalSection(SolutionConfigurationPlatforms) = preSolution
		Debug|Any CPU = Debug|Any CPU
		Release|Any CPU = Release|Any CPU
	EndGlobalSection
	GlobalSection(ProjectConfigurationPlatforms) = postSolution
		{094672F8-56E5-444F-AC42-48CF489BBB0C}.Debug|Any CPU.ActiveCfg = Debug|Any CPU
		{094672F8-56E5-444F-AC42-48CF489BBB0C}.Debug|Any CPU.Build.0 = Debug|Any CPU
		{094672F8-56E5-444F-AC42-48CF489BBB0C}.Release|Any CPU.ActiveCfg = Release|Any CPU
		{094672F8-56E5-444F-AC42-48CF489BBB0C}.Release|Any CPU.Build.0 = Release|Any CPU
	EndGlobalSection
	GlobalSection(SolutionProperties) = preSolution
		HideSolutionNode = FALSE
	EndGlobalSection
	GlobalSection(ExtensibilityGlobals) = postSolution
		SolutionGuid = {08A9F974-01F2-468E-9669-3D1FC2727C41}
	EndGlobalSection
EndGlobal
